
Microsoft Visual Studio Solution File, Format Version 12.00
# Visual Studio Version 16
VisualStudioVersion = 16.0.31911.196
MinimumVisualStudioVersion = 10.0.40219.1
Project("{FAE04EC0-301F-11D3-BF4B-00C04F79EFBC}") = "Clicker", "Clicker\Clicker.csproj", "{0166CCAB-0AB6-4162-9F31-6D4A9089441A}"
EndProject
Global
	GlobalSection(SolutionConfigurationPlatforms) = preSolution
		Debug|Any CPU = Debug|Any CPU
		Release|Any CPU = Release|Any CPU
	EndGlobalSection
	GlobalSection(ProjectConfigurationPlatforms) = postSolution
		{0166CCAB-0AB6-4162-9F31-6D4A9089441A}.Debug|Any CPU.ActiveCfg = Debug|Any CPU
		{0166CCAB-0AB6-4162-9F31-6D4A9089441A}.Debug|Any CPU.Build.0 = Debug|Any CPU
		{0166CCAB-0AB6-4162-9F31-6D4A9089441A}.Release|Any CPU.ActiveCfg = Release|Any CPU
		{0166CCAB-0AB6-4162-9F31-6D4A9089441A}.Release|Any CPU.Build.0 = Release|Any CPU
	EndGlobalSection
	GlobalSection(SolutionProperties) = preSolution
		HideSolutionNode = FALSE
	EndGlobalSection
	GlobalSection(ExtensibilityGlobals) = postSolution
		SolutionGuid = {A6EC8D0A-EAC9-461E-8ED9-65F5EA41A038}
	EndGlobalSection
EndGlobal
